// !$*UTF8*$!
{
	archiveVersion = 1;
	classes = {
	};
	objectVersion = 56;
	objects = {

/* Begin PBXBuildFile section */
		9CED00822ADAED36000A87F1 /* AppDelegate.swift in Sources */ = {isa = PBXBuildFile; fileRef = 9CED00812ADAED36000A87F1 /* AppDelegate.swift */; };
		9CED00842ADAED36000A87F1 /* SceneDelegate.swift in Sources */ = {isa = PBXBuildFile; fileRef = 9CED00832ADAED36000A87F1 /* SceneDelegate.swift */; };
		9CED00862ADAED36000A87F1 /* ViewController.swift in Sources */ = {isa = PBXBuildFile; fileRef = 9CED00852ADAED36000A87F1 /* ViewController.swift */; };
		9CED00892ADAED36000A87F1 /* Main.storyboard in Resources */ = {isa = PBXBuildFile; fileRef = 9CED00872ADAED36000A87F1 /* Main.storyboard */; };
		9CED008B2ADAED36000A87F1 /* Assets.xcassets in Resources */ = {isa = PBXBuildFile; fileRef = 9CED008A2ADAED36000A87F1 /* Assets.xcassets */; };
		9CED008E2ADAED36000A87F1 /* LaunchScreen.storyboard in Resources */ = {isa = PBXBuildFile; fileRef = 9CED008C2ADAED36000A87F1 /* LaunchScreen.storyboard */; };
		9CED00972ADAED4A000A87F1 /* SwiftyGif in Frameworks */ = {isa = PBXBuildFile; productRef = 9CED00962ADAED4A000A87F1 /* SwiftyGif */; };
		9CED00992ADAED4A000A87F1 /* SwiftyGif-Dynamic in Frameworks */ = {isa = PBXBuildFile; productRef = 9CED00982ADAED4A000A87F1 /* SwiftyGif-Dynamic */; };
		9CED009B2ADAF636000A87F1 /* eevee.gif in Resources */ = {isa = PBXBuildFile; fileRef = 9CED009A2ADAF636000A87F1 /* eevee.gif */; };
		9CED009D2ADAF7A3000A87F1 /* glaceon.gif in Resources */ = {isa = PBXBuildFile; fileRef = 9CED009C2ADAF7A3000A87F1 /* glaceon.gif */; };
		9CED009F2ADAF7AD000A87F1 /* leafeon.gif in Resources */ = {isa = PBXBuildFile; fileRef = 9CED009E2ADAF7AD000A87F1 /* leafeon.gif */; };
		9CED00A12ADAF7B5000A87F1 /* umbreon.gif in Resources */ = {isa = PBXBuildFile; fileRef = 9CED00A02ADAF7B5000A87F1 /* umbreon.gif */; };
		9CED00A32ADAF7BF000A87F1 /* espeon.gif in Resources */ = {isa = PBXBuildFile; fileRef = 9CED00A22ADAF7BF000A87F1 /* espeon.gif */; };
		9CED00A52ADAF7C8000A87F1 /* flareon.gif in Resources */ = {isa = PBXBuildFile; fileRef = 9CED00A42ADAF7C8000A87F1 /* flareon.gif */; };
		9CED00A72ADAF7D3000A87F1 /* vaporeon.gif in Resources */ = {isa = PBXBuildFile; fileRef = 9CED00A62ADAF7D3000A87F1 /* vaporeon.gif */; };
		9CED00A92ADAF7DF000A87F1 /* jolteon.gif in Resources */ = {isa = PBXBuildFile; fileRef = 9CED00A82ADAF7DF000A87F1 /* jolteon.gif */; };
/* End PBXBuildFile section */

/* Begin PBXFileReference section */
		9CED007E2ADAED36000A87F1 /* evo-eevee.app */ = {isa = PBXFileReference; explicitFileType = wrapper.application; includeInIndex = 0; path = "evo-eevee.app"; sourceTree = BUILT_PRODUCTS_DIR; };
		9CED00812ADAED36000A87F1 /* AppDelegate.swift */ = {isa = PBXFileReference; lastKnownFileType = sourcecode.swift; path = AppDelegate.swift; sourceTree = "<group>"; };
		9CED00832ADAED36000A87F1 /* SceneDelegate.swift */ = {isa = PBXFileReference; lastKnownFileType = sourcecode.swift; path = SceneDelegate.swift; sourceTree = "<group>"; };
		9CED00852ADAED36000A87F1 /* ViewController.swift */ = {isa = PBXFileReference; lastKnownFileType = sourcecode.swift; path = ViewController.swift; sourceTree = "<group>"; };
		9CED00882ADAED36000A87F1 /* Base */ = {isa = PBXFileReference; lastKnownFileType = file.storyboard; name = Base; path = Base.lproj/Main.storyboard; sourceTree = "<group>"; };
		9CED008A2ADAED36000A87F1 /* Assets.xcassets */ = {isa = PBXFileReference; lastKnownFileType = folder.assetcatalog; path = Assets.xcassets; sourceTree = "<group>"; };
		9CED008D2ADAED36000A87F1 /* Base */ = {isa = PBXFileReference; lastKnownFileType = file.storyboard; name = Base; path = Base.lproj/LaunchScreen.storyboard; sourceTree = "<group>"; };
		9CED008F2ADAED36000A87F1 /* Info.plist */ = {isa = PBXFileReference; lastKnownFileType = text.plist.xml; path = Info.plist; sourceTree = "<group>"; };
		9CED009A2ADAF636000A87F1 /* eevee.gif */ = {isa = PBXFileReference; lastKnownFileType = image.gif; name = eevee.gif; path = "evo-eevee/GIFs/eevee.gif"; sourceTree = SOURCE_ROOT; };
		9CED009C2ADAF7A3000A87F1 /* glaceon.gif */ = {isa = PBXFileReference; lastKnownFileType = image.gif; name = glaceon.gif; path = "evo-eevee/GIFs/glaceon.gif"; sourceTree = SOURCE_ROOT; };
		9CED009E2ADAF7AD000A87F1 /* leafeon.gif */ = {isa = PBXFileReference; lastKnownFileType = image.gif; name = leafeon.gif; path = "evo-eevee/GIFs/leafeon.gif"; sourceTree = SOURCE_ROOT; };
		9CED00A02ADAF7B5000A87F1 /* umbreon.gif */ = {isa = PBXFileReference; lastKnownFileType = image.gif; name = umbreon.gif; path = "evo-eevee/GIFs/umbreon.gif"; sourceTree = SOURCE_ROOT; };
		9CED00A22ADAF7BF000A87F1 /* espeon.gif */ = {isa = PBXFileReference; lastKnownFileType = image.gif; name = espeon.gif; path = "evo-eevee/GIFs/espeon.gif"; sourceTree = SOURCE_ROOT; };
		9CED00A42ADAF7C8000A87F1 /* flareon.gif */ = {isa = PBXFileReference; lastKnownFileType = image.gif; name = flareon.gif; path = "evo-eevee/GIFs/flareon.gif"; sourceTree = SOURCE_ROOT; };
		9CED00A62ADAF7D3000A87F1 /* vaporeon.gif */ = {isa = PBXFileReference; lastKnownFileType = image.gif; name = vaporeon.gif; path = "evo-eevee/GIFs/vaporeon.gif"; sourceTree = SOURCE_ROOT; };
		9CED00A82ADAF7DF000A87F1 /* jolteon.gif */ = {isa = PBXFileReference; lastKnownFileType = image.gif; name = jolteon.gif; path = "evo-eevee/GIFs/jolteon.gif"; sourceTree = SOURCE_ROOT; };
/* End PBXFileReference section */

/* Begin PBXFrameworksBuildPhase section */
		9CED007B2ADAED36000A87F1 /* Frameworks */ = {
			isa = PBXFrameworksBuildPhase;
			buildActionMask = 2147483647;
			files = (
				9CED00972ADAED4A000A87F1 /* SwiftyGif in Frameworks */,
				9CED00992ADAED4A000A87F1 /* SwiftyGif-Dynamic in Frameworks */,
			);
			runOnlyForDeploymentPostprocessing = 0;
		};
/* End PBXFrameworksBuildPhase section */

/* Begin PBXGroup section */
		9CED00752ADAED36000A87F1 = {
			isa = PBXGroup;
			children = (
				9CED00802ADAED36000A87F1 /* evo-eevee */,
				9CED007F2ADAED36000A87F1 /* Products */,
			);
			sourceTree = "<group>";
		};
		9CED007F2ADAED36000A87F1 /* Products */ = {
			isa = PBXGroup;
			children = (
				9CED007E2ADAED36000A87F1 /* evo-eevee.app */,
			);
			name = Products;
			sourceTree = "<group>";
		};
		9CED00802ADAED36000A87F1 /* evo-eevee */ = {
			isa = PBXGroup;
			children = (
				9CED00812ADAED36000A87F1 /* AppDelegate.swift */,
				9CED00832ADAED36000A87F1 /* SceneDelegate.swift */,
				9CED00852ADAED36000A87F1 /* ViewController.swift */,
				9CED00872ADAED36000A87F1 /* Main.storyboard */,
				9CED008A2ADAED36000A87F1 /* Assets.xcassets */,
				9CED008C2ADAED36000A87F1 /* LaunchScreen.storyboard */,
				9CED008F2ADAED36000A87F1 /* Info.plist */,
				9CED00AA2ADAF7E5000A87F1 /* GIFs */,
			);
			path = "evo-eevee";
			sourceTree = "<group>";
		};
		9CED00AA2ADAF7E5000A87F1 /* GIFs */ = {
			isa = PBXGroup;
			children = (
				9CED009A2ADAF636000A87F1 /* eevee.gif */,
				9CED009C2ADAF7A3000A87F1 /* glaceon.gif */,
				9CED009E2ADAF7AD000A87F1 /* leafeon.gif */,
				9CED00A02ADAF7B5000A87F1 /* umbreon.gif */,
				9CED00A22ADAF7BF000A87F1 /* espeon.gif */,
				9CED00A42ADAF7C8000A87F1 /* flareon.gif */,
				9CED00A62ADAF7D3000A87F1 /* vaporeon.gif */,
				9CED00A82ADAF7DF000A87F1 /* jolteon.gif */,
			);
			path = GIFs;
			sourceTree = "<group>";
		};
/* End PBXGroup section */

/* Begin PBXNativeTarget section */
		9CED007D2ADAED36000A87F1 /* evo-eevee */ = {
			isa = PBXNativeTarget;
			buildConfigurationList = 9CED00922ADAED36000A87F1 /* Build configuration list for PBXNativeTarget "evo-eevee" */;
			buildPhases = (
				9CED007A2ADAED36000A87F1 /* Sources */,
				9CED007B2ADAED36000A87F1 /* Frameworks */,
				9CED007C2ADAED36000A87F1 /* Resources */,
			);
			buildRules = (
			);
			dependencies = (
			);
			name = "evo-eevee";
			packageProductDependencies = (
				9CED00962ADAED4A000A87F1 /* SwiftyGif */,
				9CED00982ADAED4A000A87F1 /* SwiftyGif-Dynamic */,
			);
			productName = "evo-eevee";
			productReference = 9CED007E2ADAED36000A87F1 /* evo-eevee.app */;
			productType = "com.apple.product-type.application";
		};
/* End PBXNativeTarget section */

/* Begin PBXProject section */
		9CED00762ADAED36000A87F1 /* Project object */ = {
			isa = PBXProject;
			attributes = {
				BuildIndependentTargetsInParallel = 1;
				LastSwiftUpdateCheck = 1500;
				LastUpgradeCheck = 1500;
				TargetAttributes = {
					9CED007D2ADAED36000A87F1 = {
						CreatedOnToolsVersion = 15.0;
					};
				};
			};
			buildConfigurationList = 9CED00792ADAED36000A87F1 /* Build configuration list for PBXProject "evo-eevee" */;
			compatibilityVersion = "Xcode 14.0";
			developmentRegion = en;
			hasScannedForEncodings = 0;
			knownRegions = (
				en,
				Base,
			);
			mainGroup = 9CED00752ADAED36000A87F1;
			packageReferences = (
				9CED00952ADAED4A000A87F1 /* XCRemoteSwiftPackageReference "SwiftyGif" */,
			);
			productRefGroup = 9CED007F2ADAED36000A87F1 /* Products */;
			projectDirPath = "";
			projectRoot = "";
			targets = (
				9CED007D2ADAED36000A87F1 /* evo-eevee */,
			);
		};
/* End PBXProject section */

/* Begin PBXResourcesBuildPhase section */
		9CED007C2ADAED36000A87F1 /* Resources */ = {
			isa = PBXResourcesBuildPhase;
			buildActionMask = 2147483647;
			files = (
				9CED00A32ADAF7BF000A87F1 /* espeon.gif in Resources */,
				9CED008E2ADAED36000A87F1 /* LaunchScreen.storyboard in Resources */,
				9CED009F2ADAF7AD000A87F1 /* leafeon.gif in Resources */,
				9CED00A12ADAF7B5000A87F1 /* umbreon.gif in Resources */,
				9CED009D2ADAF7A3000A87F1 /* glaceon.gif in Resources */,
				9CED00A92ADAF7DF000A87F1 /* jolteon.gif in Resources */,
				9CED008B2ADAED36000A87F1 /* Assets.xcassets in Resources */,
				9CED00A72ADAF7D3000A87F1 /* vaporeon.gif in Resources */,
				9CED00892ADAED36000A87F1 /* Main.storyboard in Resources */,
				9CED009B2ADAF636000A87F1 /* eevee.gif in Resources */,
				9CED00A52ADAF7C8000A87F1 /* flareon.gif in Resources */,
			);
			runOnlyForDeploymentPostprocessing = 0;
		};
/* End PBXResourcesBuildPhase section */

/* Begin PBXSourcesBuildPhase section */
		9CED007A2ADAED36000A87F1 /* Sources */ = {
			isa = PBXSourcesBuildPhase;
			buildActionMask = 2147483647;
			files = (
				9CED00862ADAED36000A87F1 /* ViewController.swift in Sources */,
				9CED00822ADAED36000A87F1 /* AppDelegate.swift in Sources */,
				9CED00842ADAED36000A87F1 /* SceneDelegate.swift in Sources */,
			);
			runOnlyForDeploymentPostprocessing = 0;
		};
/* End PBXSourcesBuildPhase section */

/* Begin PBXVariantGroup section */
		9CED00872ADAED36000A87F1 /* Main.storyboard */ = {
			isa = PBXVariantGroup;
			children = (
				9CED00882ADAED36000A87F1 /* Base */,
			);
			name = Main.storyboard;
			sourceTree = "<group>";
		};
		9CED008C2ADAED36000A87F1 /* LaunchScreen.storyboard */ = {
			isa = PBXVariantGroup;
			children = (
				9CED008D2ADAED36000A87F1 /* Base */,
			);
			name = LaunchScreen.storyboard;
			sourceTree = "<group>";
		};
/* End PBXVariantGroup section */

/* Begin XCBuildConfiguration section */
		9CED00902ADAED36000A87F1 /* Debug */ = {
			isa = XCBuildConfiguration;
			buildSettings = {
				ALWAYS_SEARCH_USER_PATHS = NO;
				ASSETCATALOG_COMPILER_GENERATE_SWIFT_ASSET_SYMBOL_EXTENSIONS = YES;
				CLANG_ANALYZER_NONNULL = YES;
				CLANG_ANALYZER_NUMBER_OBJECT_CONVERSION = YES_AGGRESSIVE;
				CLANG_CXX_LANGUAGE_STANDARD = "gnu++20";
				CLANG_ENABLE_MODULES = YES;
				CLANG_ENABLE_OBJC_ARC = YES;
				CLANG_ENABLE_OBJC_WEAK = YES;
				CLANG_WARN_BLOCK_CAPTURE_AUTORELEASING = YES;
				CLANG_WARN_BOOL_CONVERSION = YES;
				CLANG_WARN_COMMA = YES;
				CLANG_WARN_CONSTANT_CONVERSION = YES;
				CLANG_WARN_DEPRECATED_OBJC_IMPLEMENTATIONS = YES;
				CLANG_WARN_DIRECT_OBJC_ISA_USAGE = YES_ERROR;
				CLANG_WARN_DOCUMENTATION_COMMENTS = YES;
				CLANG_WARN_EMPTY_BODY = YES;
				CLANG_WARN_ENUM_CONVERSION = YES;
				CLANG_WARN_INFINITE_RECURSION = YES;
				CLANG_WARN_INT_CONVERSION = YES;
				CLANG_WARN_NON_LITERAL_NULL_CONVERSION = YES;
				CLANG_WARN_OBJC_IMPLICIT_RETAIN_SELF = YES;
				CLANG_WARN_OBJC_LITERAL_CONVERSION = YES;
				CLANG_WARN_OBJC_ROOT_CLASS = YES_ERROR;
				CLANG_WARN_QUOTED_INCLUDE_IN_FRAMEWORK_HEADER = YES;
				CLANG_WARN_RANGE_LOOP_ANALYSIS = YES;
				CLANG_WARN_STRICT_PROTOTYPES = YES;
				CLANG_WARN_SUSPICIOUS_MOVE = YES;
				CLANG_WARN_UNGUARDED_AVAILABILITY = YES_AGGRESSIVE;
				CLANG_WARN_UNREACHABLE_CODE = YES;
				CLANG_WARN__DUPLICATE_METHOD_MATCH = YES;
				COPY_PHASE_STRIP = NO;
				DEBUG_INFORMATION_FORMAT = dwarf;
				ENABLE_STRICT_OBJC_MSGSEND = YES;
				ENABLE_TESTABILITY = YES;
				ENABLE_USER_SCRIPT_SANDBOXING = YES;
				GCC_C_LANGUAGE_STANDARD = gnu17;
				GCC_DYNAMIC_NO_PIC = NO;
				GCC_NO_COMMON_BLOCKS = YES;
				GCC_OPTIMIZATION_LEVEL = 0;
				GCC_PREPROCESSOR_DEFINITIONS = (
					"DEBUG=1",
					"$(inherited)",
				);
				GCC_WARN_64_TO_32_BIT_CONVERSION = YES;
				GCC_WARN_ABOUT_RETURN_TYPE = YES_ERROR;
				GCC_WARN_UNDECLARED_SELECTOR = YES;
				GCC_WARN_UNINITIALIZED_AUTOS = YES_AGGRESSIVE;
				GCC_WARN_UNUSED_FUNCTION = YES;
				GCC_WARN_UNUSED_VARIABLE = YES;
				IPHONEOS_DEPLOYMENT_TARGET = 17.0;
				LOCALIZATION_PREFERS_STRING_CATALOGS = YES;
				MTL_ENABLE_DEBUG_INFO = INCLUDE_SOURCE;
				MTL_FAST_MATH = YES;
				ONLY_ACTIVE_ARCH = YES;
				SDKROOT = iphoneos;
				SWIFT_ACTIVE_COMPILATION_CONDITIONS = "DEBUG $(inherited)";
				SWIFT_OPTIMIZATION_LEVEL = "-Onone";
			};
			name = Debug;
		};
		9CED00912ADAED36000A87F1 /* Release */ = {
			isa = XCBuildConfiguration;
			buildSettings = {
				ALWAYS_SEARCH_USER_PATHS = NO;
				ASSETCATALOG_COMPILER_GENERATE_SWIFT_ASSET_SYMBOL_EXTENSIONS = YES;
				CLANG_ANALYZER_NONNULL = YES;
				CLANG_ANALYZER_NUMBER_OBJECT_CONVERSION = YES_AGGRESSIVE;
				CLANG_CXX_LANGUAGE_STANDARD = "gnu++20";
				CLANG_ENABLE_MODULES = YES;
				CLANG_ENABLE_OBJC_ARC = YES;
				CLANG_ENABLE_OBJC_WEAK = YES;
				CLANG_WARN_BLOCK_CAPTURE_AUTORELEASING = YES;
				CLANG_WARN_BOOL_CONVERSION = YES;
				CLANG_WARN_COMMA = YES;
				CLANG_WARN_CONSTANT_CONVERSION = YES;
				CLANG_WARN_DEPRECATED_OBJC_IMPLEMENTATIONS = YES;
				CLANG_WARN_DIRECT_OBJC_ISA_USAGE = YES_ERROR;
				CLANG_WARN_DOCUMENTATION_COMMENTS = YES;
				CLANG_WARN_EMPTY_BODY = YES;
				CLANG_WARN_ENUM_CONVERSION = YES;
				CLANG_WARN_INFINITE_RECURSION = YES;
				CLANG_WARN_INT_CONVERSION = YES;
				CLANG_WARN_NON_LITERAL_NULL_CONVERSION = YES;
				CLANG_WARN_OBJC_IMPLICIT_RETAIN_SELF = YES;
				CLANG_WARN_OBJC_LITERAL_CONVERSION = YES;
				CLANG_WARN_OBJC_ROOT_CLASS = YES_ERROR;
				CLANG_WARN_QUOTED_INCLUDE_IN_FRAMEWORK_HEADER = YES;
				CLANG_WARN_RANGE_LOOP_ANALYSIS = YES;
				CLANG_WARN_STRICT_PROTOTYPES = YES;
				CLANG_WARN_SUSPICIOUS_MOVE = YES;
				CLANG_WARN_UNGUARDED_AVAILABILITY = YES_AGGRESSIVE;
				CLANG_WARN_UNREACHABLE_CODE = YES;
				CLANG_WARN__DUPLICATE_METHOD_MATCH = YES;
				COPY_PHASE_STRIP = NO;
				DEBUG_INFORMATION_FORMAT = "dwarf-with-dsym";
				ENABLE_NS_ASSERTIONS = NO;
				ENABLE_STRICT_OBJC_MSGSEND = YES;
				ENABLE_USER_SCRIPT_SANDBOXING = YES;
				GCC_C_LANGUAGE_STANDARD = gnu17;
				GCC_NO_COMMON_BLOCKS = YES;
				GCC_WARN_64_TO_32_BIT_CONVERSION = YES;
				GCC_WARN_ABOUT_RETURN_TYPE = YES_ERROR;
				GCC_WARN_UNDECLARED_SELECTOR = YES;
				GCC_WARN_UNINITIALIZED_AUTOS = YES_AGGRESSIVE;
				GCC_WARN_UNUSED_FUNCTION = YES;
				GCC_WARN_UNUSED_VARIABLE = YES;
				IPHONEOS_DEPLOYMENT_TARGET = 17.0;
				LOCALIZATION_PREFERS_STRING_CATALOGS = YES;
				MTL_ENABLE_DEBUG_INFO = NO;
				MTL_FAST_MATH = YES;
				SDKROOT = iphoneos;
				SWIFT_COMPILATION_MODE = wholemodule;
				VALIDATE_PRODUCT = YES;
			};
			name = Release;
		};
		9CED00932ADAED36000A87F1 /* Debug */ = {
			isa = XCBuildConfiguration;
			buildSettings = {
				ASSETCATALOG_COMPILER_APPICON_NAME = AppIcon;
				ASSETCATALOG_COMPILER_GLOBAL_ACCENT_COLOR_NAME = AccentColor;
				CODE_SIGN_STYLE = Automatic;
				CURRENT_PROJECT_VERSION = 1;
				DEVELOPMENT_TEAM = NJPBU9N55Q;
				GENERATE_INFOPLIST_FILE = YES;
				INFOPLIST_FILE = "evo-eevee/Info.plist";
				INFOPLIST_KEY_UIApplicationSupportsIndirectInputEvents = YES;
				INFOPLIST_KEY_UILaunchStoryboardName = LaunchScreen;
				INFOPLIST_KEY_UIMainStoryboardFile = Main;
				INFOPLIST_KEY_UISupportedInterfaceOrientations_iPad = "UIInterfaceOrientationPortrait UIInterfaceOrientationPortraitUpsideDown UIInterfaceOrientationLandscapeLeft UIInterfaceOrientationLandscapeRight";
				INFOPLIST_KEY_UISupportedInterfaceOrientations_iPhone = "UIInterfaceOrientationPortrait UIInterfaceOrientationLandscapeLeft UIInterfaceOrientationLandscapeRight";
				LD_RUNPATH_SEARCH_PATHS = (
					"$(inherited)",
					"@executable_path/Frameworks",
				);
				MARKETING_VERSION = 1.0;
				PRODUCT_BUNDLE_IDENTIFIER = "Demo.evo-eevee";
				PRODUCT_NAME = "$(TARGET_NAME)";
				SWIFT_EMIT_LOC_STRINGS = YES;
				SWIFT_VERSION = 5.0;
				TARGETED_DEVICE_FAMILY = "1,2";
			};
			name = Debug;
		};
		9CED00942ADAED36000A87F1 /* Release */ = {
			isa = XCBuildConfiguration;
			buildSettings = {
				ASSETCATALOG_COMPILER_APPICON_NAME = AppIcon;
				ASSETCATALOG_COMPILER_GLOBAL_ACCENT_COLOR_NAME = AccentColor;
				CODE_SIGN_STYLE = Automatic;
				CURRENT_PROJECT_VERSION = 1;
				DEVELOPMENT_TEAM = NJPBU9N55Q;
				GENERATE_INFOPLIST_FILE = YES;
				INFOPLIST_FILE = "evo-eevee/Info.plist";
				INFOPLIST_KEY_UIApplicationSupportsIndirectInputEvents = YES;
				INFOPLIST_KEY_UILaunchStoryboardName = LaunchScreen;
				INFOPLIST_KEY_UIMainStoryboardFile = Main;
				INFOPLIST_KEY_UISupportedInterfaceOrientations_iPad = "UIInterfaceOrientationPortrait UIInterfaceOrientationPortraitUpsideDown UIInterfaceOrientationLandscapeLeft UIInterfaceOrientationLandscapeRight";
				INFOPLIST_KEY_UISupportedInterfaceOrientations_iPhone = "UIInterfaceOrientationPortrait UIInterfaceOrientationLandscapeLeft UIInterfaceOrientationLandscapeRight";
				LD_RUNPATH_SEARCH_PATHS = (
					"$(inherited)",
					"@executable_path/Frameworks",
				);
				MARKETING_VERSION = 1.0;
				PRODUCT_BUNDLE_IDENTIFIER = "Demo.evo-eevee";
				PRODUCT_NAME = "$(TARGET_NAME)";
				SWIFT_EMIT_LOC_STRINGS = YES;
				SWIFT_VERSION = 5.0;
				TARGETED_DEVICE_FAMILY = "1,2";
			};
			name = Release;
		};
/* End XCBuildConfiguration section */

/* Begin XCConfigurationList section */
		9CED00792ADAED36000A87F1 /* Build configuration list for PBXProject "evo-eevee" */ = {
			isa = XCConfigurationList;
			buildConfigurations = (
				9CED00902ADAED36000A87F1 /* Debug */,
				9CED00912ADAED36000A87F1 /* Release */,
			);
			defaultConfigurationIsVisible = 0;
			defaultConfigurationName = Release;
		};
		9CED00922ADAED36000A87F1 /* Build configuration list for PBXNativeTarget "evo-eevee" */ = {
			isa = XCConfigurationList;
			buildConfigurations = (
				9CED00932ADAED36000A87F1 /* Debug */,
				9CED00942ADAED36000A87F1 /* Release */,
			);
			defaultConfigurationIsVisible = 0;
			defaultConfigurationName = Release;
		};
/* End XCConfigurationList section */

/* Begin XCRemoteSwiftPackageReference section */
		9CED00952ADAED4A000A87F1 /* XCRemoteSwiftPackageReference "SwiftyGif" */ = {
			isa = XCRemoteSwiftPackageReference;
			repositoryURL = "https://github.com/kirualex/SwiftyGif.git";
			requirement = {
				kind = upToNextMajorVersion;
				minimumVersion = 5.4.4;
			};
		};
/* End XCRemoteSwiftPackageReference section */

/* Begin XCSwiftPackageProductDependency section */
		9CED00962ADAED4A000A87F1 /* SwiftyGif */ = {
			isa = XCSwiftPackageProductDependency;
			package = 9CED00952ADAED4A000A87F1 /* XCRemoteSwiftPackageReference "SwiftyGif" */;
			productName = SwiftyGif;
		};
		9CED00982ADAED4A000A87F1 /* SwiftyGif-Dynamic */ = {
			isa = XCSwiftPackageProductDependency;
			package = 9CED00952ADAED4A000A87F1 /* XCRemoteSwiftPackageReference "SwiftyGif" */;
			productName = "SwiftyGif-Dynamic";
		};
/* End XCSwiftPackageProductDependency section */
	};
	rootObject = 9CED00762ADAED36000A87F1 /* Project object */;
}
